
Microsoft Visual Studio Solution File, Format Version 12.00
# Visual Studio Version 16
VisualStudioVersion = 16.0.30717.126
MinimumVisualStudioVersion = 10.0.40219.1
Project("{FAE04EC0-301F-11D3-BF4B-00C04F79EFBC}") = "Web API", "Web API\Web API.csproj", "{923968D0-57CA-4187-9361-F2235494D8E2}"
EndProject
Global
	GlobalSection(SolutionConfigurationPlatforms) = preSolution
		Debug|Any CPU = Debug|Any CPU
		Release|Any CPU = Release|Any CPU
	EndGlobalSection
	GlobalSection(ProjectConfigurationPlatforms) = postSolution
		{923968D0-57CA-4187-9361-F2235494D8E2}.Debug|Any CPU.ActiveCfg = Debug|Any CPU
		{923968D0-57CA-4187-9361-F2235494D8E2}.Debug|Any CPU.Build.0 = Debug|Any CPU
		{923968D0-57CA-4187-9361-F2235494D8E2}.Release|Any CPU.ActiveCfg = Release|Any CPU
		{923968D0-57CA-4187-9361-F2235494D8E2}.Release|Any CPU.Build.0 = Release|Any CPU
	EndGlobalSection
	GlobalSection(SolutionProperties) = preSolution
		HideSolutionNode = FALSE
	EndGlobalSection
	GlobalSection(ExtensibilityGlobals) = postSolution
		SolutionGuid = {2908E772-33F8-47DF-8265-6DFC44E435F9}
	EndGlobalSection
EndGlobal
